
Microsoft Visual Studio Solution File, Format Version 12.00
# Visual Studio Version 17
VisualStudioVersion = 17.6.33801.468
MinimumVisualStudioVersion = 10.0.40219.1
Project("{2150E333-8FDC-42A3-9474-1A3956D46DE8}") = "FrontEnd", "FrontEnd", "{6FD22DF6-65CB-41EC-B7ED-DFFE99A299D8}"
EndProject
Project("{2150E333-8FDC-42A3-9474-1A3956D46DE8}") = "Services", "Services", "{77160D67-1ABF-4C73-A0D2-E89D965DC6CE}"
EndProject
Project("{9A19103F-16F7-4668-BE54-9A1E7A4F7556}") = "GeekShopping.Web", "GeekShopping.Web\GeekShopping.Web.csproj", "{E0BBDD24-8027-4A7E-8807-A35ECC7D285C}"
EndProject
Project("{9A19103F-16F7-4668-BE54-9A1E7A4F7556}") = "GeekShopping.ProductAPI", "GeekShopping.ProductAPI\GeekShopping.ProductAPI.csproj", "{FF54A8D8-7255-49E4-B4F7-74620E57EC9B}"
EndProject
Project("{9A19103F-16F7-4668-BE54-9A1E7A4F7556}") = "GeekShopping.IdentityServer", "GeekShopping.IdentityServer\GeekShopping.IdentityServer.csproj", "{9B98735B-CA42-4F6C-AB07-4195452E94BC}"
EndProject
Project("{9A19103F-16F7-4668-BE54-9A1E7A4F7556}") = "GeekShopping.CartAPI", "GeekShopping.CartAPI\GeekShopping.CartAPI.csproj", "{8EF0D177-B77C-494F-97DA-BEC1252C96CD}"
	ProjectSection(ProjectDependencies) = postProject
		{DBE1A337-C9C8-4F20-B256-91F853CF79D6} = {DBE1A337-C9C8-4F20-B256-91F853CF79D6}
	EndProjectSection
EndProject
Project("{9A19103F-16F7-4668-BE54-9A1E7A4F7556}") = "GeekShopping.CouponAPI", "GeekShopping.CouponAPI\GeekShopping.CouponAPI.csproj", "{24486801-3D52-44CD-B813-D5F58588B2CA}"
EndProject
Project("{2150E333-8FDC-42A3-9474-1A3956D46DE8}") = "Integration", "Integration", "{97A2E755-12ED-46F6-B4F7-07B094E75640}"
EndProject
Project("{9A19103F-16F7-4668-BE54-9A1E7A4F7556}") = "GeekShopping.MessageBus", "GeekShopping.MessageBus\GeekShopping.MessageBus.csproj", "{DBE1A337-C9C8-4F20-B256-91F853CF79D6}"
EndProject
Project("{9A19103F-16F7-4668-BE54-9A1E7A4F7556}") = "GeekShopping.OrderAPI", "GeekShopping.OrderAPI\GeekShopping.OrderAPI.csproj", "{F008B4DE-86BE-41C0-9A19-C5AE1B51AA5E}"
EndProject
Project("{2150E333-8FDC-42A3-9474-1A3956D46DE8}") = "Payments", "Payments", "{1C5413D1-B875-4B3D-B99B-B09E4D6A940D}"
EndProject
Project("{9A19103F-16F7-4668-BE54-9A1E7A4F7556}") = "GeekShopping.PaymentProcessor", "GeekShopping.PaymentProcessor\GeekShopping.PaymentProcessor.csproj", "{E0AFA426-2D77-460B-958E-C80984AED995}"
EndProject
Project("{9A19103F-16F7-4668-BE54-9A1E7A4F7556}") = "GeekShopping.PaymentAPI", "GeekShopping.PaymentAPI\GeekShopping.PaymentAPI.csproj", "{CE4A229D-84C0-441D-BA27-CF711435ED2E}"
EndProject
Project("{9A19103F-16F7-4668-BE54-9A1E7A4F7556}") = "GeekShopping.Email", "GeekShopping.Email\GeekShopping.Email.csproj", "{73464944-FEDE-4A1E-A35C-3B77BF4D888C}"
	ProjectSection(ProjectDependencies) = postProject
		{DBE1A337-C9C8-4F20-B256-91F853CF79D6} = {DBE1A337-C9C8-4F20-B256-91F853CF79D6}
		{E0AFA426-2D77-460B-958E-C80984AED995} = {E0AFA426-2D77-460B-958E-C80984AED995}
	EndProjectSection
EndProject
Project("{2150E333-8FDC-42A3-9474-1A3956D46DE8}") = "Gateway", "Gateway", "{15E8A88A-1005-43EA-A367-F9F4FFD57430}"
EndProject
Project("{FAE04EC0-301F-11D3-BF4B-00C04F79EFBC}") = "GeekShopping.APIGateway", "GeekShopping.APIGateway\GeekShopping.APIGateway.csproj", "{E5EF3720-3D6F-42A8-9303-39B2C093C34D}"
EndProject
Global
	GlobalSection(SolutionConfigurationPlatforms) = preSolution
		Debug|Any CPU = Debug|Any CPU
		Release|Any CPU = Release|Any CPU
	EndGlobalSection
	GlobalSection(ProjectConfigurationPlatforms) = postSolution
		{E0BBDD24-8027-4A7E-8807-A35ECC7D285C}.Debug|Any CPU.ActiveCfg = Debug|Any CPU
		{E0BBDD24-8027-4A7E-8807-A35ECC7D285C}.Debug|Any CPU.Build.0 = Debug|Any CPU
		{E0BBDD24-8027-4A7E-8807-A35ECC7D285C}.Release|Any CPU.ActiveCfg = Release|Any CPU
		{E0BBDD24-8027-4A7E-8807-A35ECC7D285C}.Release|Any CPU.Build.0 = Release|Any CPU
		{FF54A8D8-7255-49E4-B4F7-74620E57EC9B}.Debug|Any CPU.ActiveCfg = Debug|Any CPU
		{FF54A8D8-7255-49E4-B4F7-74620E57EC9B}.Debug|Any CPU.Build.0 = Debug|Any CPU
		{FF54A8D8-7255-49E4-B4F7-74620E57EC9B}.Release|Any CPU.ActiveCfg = Release|Any CPU
		{FF54A8D8-7255-49E4-B4F7-74620E57EC9B}.Release|Any CPU.Build.0 = Release|Any CPU
		{9B98735B-CA42-4F6C-AB07-4195452E94BC}.Debug|Any CPU.ActiveCfg = Debug|Any CPU
		{9B98735B-CA42-4F6C-AB07-4195452E94BC}.Debug|Any CPU.Build.0 = Debug|Any CPU
		{9B98735B-CA42-4F6C-AB07-4195452E94BC}.Release|Any CPU.ActiveCfg = Release|Any CPU
		{9B98735B-CA42-4F6C-AB07-4195452E94BC}.Release|Any CPU.Build.0 = Release|Any CPU
		{8EF0D177-B77C-494F-97DA-BEC1252C96CD}.Debug|Any CPU.ActiveCfg = Debug|Any CPU
		{8EF0D177-B77C-494F-97DA-BEC1252C96CD}.Debug|Any CPU.Build.0 = Debug|Any CPU
		{8EF0D177-B77C-494F-97DA-BEC1252C96CD}.Release|Any CPU.ActiveCfg = Release|Any CPU
		{8EF0D177-B77C-494F-97DA-BEC1252C96CD}.Release|Any CPU.Build.0 = Release|Any CPU
		{24486801-3D52-44CD-B813-D5F58588B2CA}.Debug|Any CPU.ActiveCfg = Debug|Any CPU
		{24486801-3D52-44CD-B813-D5F58588B2CA}.Debug|Any CPU.Build.0 = Debug|Any CPU
		{24486801-3D52-44CD-B813-D5F58588B2CA}.Release|Any CPU.ActiveCfg = Release|Any CPU
		{24486801-3D52-44CD-B813-D5F58588B2CA}.Release|Any CPU.Build.0 = Release|Any CPU
		{DBE1A337-C9C8-4F20-B256-91F853CF79D6}.Debug|Any CPU.ActiveCfg = Debug|Any CPU
		{DBE1A337-C9C8-4F20-B256-91F853CF79D6}.Debug|Any CPU.Build.0 = Debug|Any CPU
		{DBE1A337-C9C8-4F20-B256-91F853CF79D6}.Release|Any CPU.ActiveCfg = Release|Any CPU
		{DBE1A337-C9C8-4F20-B256-91F853CF79D6}.Release|Any CPU.Build.0 = Release|Any CPU
		{F008B4DE-86BE-41C0-9A19-C5AE1B51AA5E}.Debug|Any CPU.ActiveCfg = Debug|Any CPU
		{F008B4DE-86BE-41C0-9A19-C5AE1B51AA5E}.Debug|Any CPU.Build.0 = Debug|Any CPU
		{F008B4DE-86BE-41C0-9A19-C5AE1B51AA5E}.Release|Any CPU.ActiveCfg = Release|Any CPU
		{F008B4DE-86BE-41C0-9A19-C5AE1B51AA5E}.Release|Any CPU.Build.0 = Release|Any CPU
		{E0AFA426-2D77-460B-958E-C80984AED995}.Debug|Any CPU.ActiveCfg = Debug|Any CPU
		{E0AFA426-2D77-460B-958E-C80984AED995}.Debug|Any CPU.Build.0 = Debug|Any CPU
		{E0AFA426-2D77-460B-958E-C80984AED995}.Release|Any CPU.ActiveCfg = Release|Any CPU
		{E0AFA426-2D77-460B-958E-C80984AED995}.Release|Any CPU.Build.0 = Release|Any CPU
		{CE4A229D-84C0-441D-BA27-CF711435ED2E}.Debug|Any CPU.ActiveCfg = Debug|Any CPU
		{CE4A229D-84C0-441D-BA27-CF711435ED2E}.Debug|Any CPU.Build.0 = Debug|Any CPU
		{CE4A229D-84C0-441D-BA27-CF711435ED2E}.Release|Any CPU.ActiveCfg = Release|Any CPU
		{CE4A229D-84C0-441D-BA27-CF711435ED2E}.Release|Any CPU.Build.0 = Release|Any CPU
		{73464944-FEDE-4A1E-A35C-3B77BF4D888C}.Debug|Any CPU.ActiveCfg = Debug|Any CPU
		{73464944-FEDE-4A1E-A35C-3B77BF4D888C}.Debug|Any CPU.Build.0 = Debug|Any CPU
		{73464944-FEDE-4A1E-A35C-3B77BF4D888C}.Release|Any CPU.ActiveCfg = Release|Any CPU
		{73464944-FEDE-4A1E-A35C-3B77BF4D888C}.Release|Any CPU.Build.0 = Release|Any CPU
		{E5EF3720-3D6F-42A8-9303-39B2C093C34D}.Debug|Any CPU.ActiveCfg = Debug|Any CPU
		{E5EF3720-3D6F-42A8-9303-39B2C093C34D}.Debug|Any CPU.Build.0 = Debug|Any CPU
		{E5EF3720-3D6F-42A8-9303-39B2C093C34D}.Release|Any CPU.ActiveCfg = Release|Any CPU
		{E5EF3720-3D6F-42A8-9303-39B2C093C34D}.Release|Any CPU.Build.0 = Release|Any CPU
	EndGlobalSection
	GlobalSection(SolutionProperties) = preSolution
		HideSolutionNode = FALSE
	EndGlobalSection
	GlobalSection(NestedProjects) = preSolution
		{E0BBDD24-8027-4A7E-8807-A35ECC7D285C} = {6FD22DF6-65CB-41EC-B7ED-DFFE99A299D8}
		{FF54A8D8-7255-49E4-B4F7-74620E57EC9B} = {77160D67-1ABF-4C73-A0D2-E89D965DC6CE}
		{9B98735B-CA42-4F6C-AB07-4195452E94BC} = {77160D67-1ABF-4C73-A0D2-E89D965DC6CE}
		{8EF0D177-B77C-494F-97DA-BEC1252C96CD} = {77160D67-1ABF-4C73-A0D2-E89D965DC6CE}
		{24486801-3D52-44CD-B813-D5F58588B2CA} = {77160D67-1ABF-4C73-A0D2-E89D965DC6CE}
		{DBE1A337-C9C8-4F20-B256-91F853CF79D6} = {97A2E755-12ED-46F6-B4F7-07B094E75640}
		{F008B4DE-86BE-41C0-9A19-C5AE1B51AA5E} = {77160D67-1ABF-4C73-A0D2-E89D965DC6CE}
		{E0AFA426-2D77-460B-958E-C80984AED995} = {1C5413D1-B875-4B3D-B99B-B09E4D6A940D}
		{CE4A229D-84C0-441D-BA27-CF711435ED2E} = {77160D67-1ABF-4C73-A0D2-E89D965DC6CE}
		{73464944-FEDE-4A1E-A35C-3B77BF4D888C} = {77160D67-1ABF-4C73-A0D2-E89D965DC6CE}
		{E5EF3720-3D6F-42A8-9303-39B2C093C34D} = {15E8A88A-1005-43EA-A367-F9F4FFD57430}
	EndGlobalSection
	GlobalSection(ExtensibilityGlobals) = postSolution
		SolutionGuid = {0D05D830-C437-4C1B-9F3B-2770AE6244C6}
	EndGlobalSection
EndGlobal
